
Microsoft Visual Studio Solution File, Format Version 12.00
# Visual Studio Version 17
VisualStudioVersion = 17.7.34009.444
MinimumVisualStudioVersion = 10.0.40219.1
Project("{FAE04EC0-301F-11D3-BF4B-00C04F79EFBC}") = "NugetCleaner", "NugetCleaner\NugetCleaner.csproj", "{787A8910-BBB9-4C97-98E9-B1D60D0417D4}"
EndProject
Global
	GlobalSection(SolutionConfigurationPlatforms) = preSolution
		Debug|Any CPU = Debug|Any CPU
		Release|Any CPU = Release|Any CPU
	EndGlobalSection
	GlobalSection(ProjectConfigurationPlatforms) = postSolution
		{787A8910-BBB9-4C97-98E9-B1D60D0417D4}.Debug|Any CPU.ActiveCfg = Debug|Any CPU
		{787A8910-BBB9-4C97-98E9-B1D60D0417D4}.Debug|Any CPU.Build.0 = Debug|Any CPU
		{787A8910-BBB9-4C97-98E9-B1D60D0417D4}.Release|Any CPU.ActiveCfg = Release|Any CPU
		{787A8910-BBB9-4C97-98E9-B1D60D0417D4}.Release|Any CPU.Build.0 = Release|Any CPU
	EndGlobalSection
	GlobalSection(SolutionProperties) = preSolution
		HideSolutionNode = FALSE
	EndGlobalSection
	GlobalSection(ExtensibilityGlobals) = postSolution
		SolutionGuid = {4BE87A24-706E-4087-96C3-3A87D53DE567}
	EndGlobalSection
EndGlobal
